<Solution>
  <Configurations>
    <Platform Name="x64" />
  </Configurations>
  <Project Path="Engine/Engine.vcxproj" Id="1b0dcab9-14f9-4708-ae3f-317035cceb3a" />
  <Project Path="Shooter/Shooter.vcxproj" Id="015d758c-c9e6-4600-85f4-3421b9839d8f">
    <BuildDependency Project="Engine/Engine.vcxproj" />
  </Project>
</Solution>
